
Microsoft Visual Studio Solution File, Format Version 12.00
# Visual Studio Version 16
VisualStudioVersion = 16.0.30114.105
MinimumVisualStudioVersion = 10.0.40219.1
Project("{FAE04EC0-301F-11D3-BF4B-00C04F79EFBC}") = "CRUDDocker", "CRUDDocker\CRUDDocker.csproj", "{55FA1B21-1847-4D11-93B4-DCBD30C762CE}"
EndProject
Project("{FAE04EC0-301F-11D3-BF4B-00C04F79EFBC}") = "UnitTestMathsService", "UnitTestMathsService\UnitTestMathsService.csproj", "{A256A53B-E576-4A6B-A151-DA28BD1FB9CE}"
EndProject
Project("{E53339B2-1760-4266-BCC7-CA923CBCF16C}") = "docker-compose", "docker-compose.dcproj", "{B836DB35-F95A-45F4-A7D1-04BE5B35164F}"
EndProject
Project("{FAE04EC0-301F-11D3-BF4B-00C04F79EFBC}") = "MyMathsService", "MyMathsService\MyMathsService.csproj", "{5C80AE82-4674-4878-A095-B49CB2A3FB54}"
EndProject
Global
	GlobalSection(SolutionConfigurationPlatforms) = preSolution
		Debug|Any CPU = Debug|Any CPU
		Release|Any CPU = Release|Any CPU
	EndGlobalSection
	GlobalSection(ProjectConfigurationPlatforms) = postSolution
		{55FA1B21-1847-4D11-93B4-DCBD30C762CE}.Debug|Any CPU.ActiveCfg = Debug|Any CPU
		{55FA1B21-1847-4D11-93B4-DCBD30C762CE}.Debug|Any CPU.Build.0 = Debug|Any CPU
		{55FA1B21-1847-4D11-93B4-DCBD30C762CE}.Release|Any CPU.ActiveCfg = Release|Any CPU
		{55FA1B21-1847-4D11-93B4-DCBD30C762CE}.Release|Any CPU.Build.0 = Release|Any CPU
		{A256A53B-E576-4A6B-A151-DA28BD1FB9CE}.Debug|Any CPU.ActiveCfg = Debug|Any CPU
		{A256A53B-E576-4A6B-A151-DA28BD1FB9CE}.Debug|Any CPU.Build.0 = Debug|Any CPU
		{A256A53B-E576-4A6B-A151-DA28BD1FB9CE}.Release|Any CPU.ActiveCfg = Release|Any CPU
		{A256A53B-E576-4A6B-A151-DA28BD1FB9CE}.Release|Any CPU.Build.0 = Release|Any CPU
		{B836DB35-F95A-45F4-A7D1-04BE5B35164F}.Debug|Any CPU.ActiveCfg = Debug|Any CPU
		{B836DB35-F95A-45F4-A7D1-04BE5B35164F}.Debug|Any CPU.Build.0 = Debug|Any CPU
		{B836DB35-F95A-45F4-A7D1-04BE5B35164F}.Release|Any CPU.ActiveCfg = Release|Any CPU
		{B836DB35-F95A-45F4-A7D1-04BE5B35164F}.Release|Any CPU.Build.0 = Release|Any CPU
		{5C80AE82-4674-4878-A095-B49CB2A3FB54}.Debug|Any CPU.ActiveCfg = Debug|Any CPU
		{5C80AE82-4674-4878-A095-B49CB2A3FB54}.Debug|Any CPU.Build.0 = Debug|Any CPU
		{5C80AE82-4674-4878-A095-B49CB2A3FB54}.Release|Any CPU.ActiveCfg = Release|Any CPU
		{5C80AE82-4674-4878-A095-B49CB2A3FB54}.Release|Any CPU.Build.0 = Release|Any CPU
	EndGlobalSection
	GlobalSection(SolutionProperties) = preSolution
		HideSolutionNode = FALSE
	EndGlobalSection
	GlobalSection(ExtensibilityGlobals) = postSolution
		SolutionGuid = {96B77E62-088E-4125-B71C-1894D65DB6AF}
	EndGlobalSection
EndGlobal
